// !$*UTF8*$!
{
	archiveVersion = 1;
	classes = {
	};
	objectVersion = 55;
	objects = {

/* Begin PBXBuildFile section */
		690B4FFA2917DE78004C5FBE /* Stack.swift in Sources */ = {isa = PBXBuildFile; fileRef = 690B4FF92917DE78004C5FBE /* Stack.swift */; };
		6919E22A28C990EF00539C19 /* Construction.swift in Sources */ = {isa = PBXBuildFile; fileRef = 6919E22928C990EF00539C19 /* Construction.swift */; };
		6919E23428CF452F00539C19 /* Dichotomy.swift in Sources */ = {isa = PBXBuildFile; fileRef = 6919E23328CF452F00539C19 /* Dichotomy.swift */; };
		691D9EA02914A13900E735F6 /* MathAnalysis.swift in Sources */ = {isa = PBXBuildFile; fileRef = 691D9E9F2914A13900E735F6 /* MathAnalysis.swift */; };
		691E067728D2BC0600350D11 /* BrainTwister.swift in Sources */ = {isa = PBXBuildFile; fileRef = 691E067628D2BC0600350D11 /* BrainTwister.swift */; };
		691E208029077D5F00AF0F94 /* BFS.swift in Sources */ = {isa = PBXBuildFile; fileRef = 691E207F29077D5F00AF0F94 /* BFS.swift */; };
		692F876E28D4ABDF0033DC22 /* ScanningLine.swift in Sources */ = {isa = PBXBuildFile; fileRef = 692F876D28D4ABDF0033DC22 /* ScanningLine.swift */; };
		692F877028D6B84A0033DC22 /* UnionFindSet.swift in Sources */ = {isa = PBXBuildFile; fileRef = 692F876F28D6B84A0033DC22 /* UnionFindSet.swift */; };
		695DF819277BF9EE00FE2D31 /* main.swift in Sources */ = {isa = PBXBuildFile; fileRef = 695DF818277BF9EE00FE2D31 /* main.swift */; };
		699E895A290FE2B20097D541 /* DoublePointer.swift in Sources */ = {isa = PBXBuildFile; fileRef = 699E8959290FE2B20097D541 /* DoublePointer.swift */; };
		69ACC96828E1371C002A7058 /* BitOperation.swift in Sources */ = {isa = PBXBuildFile; fileRef = 69ACC96728E1371C002A7058 /* BitOperation.swift */; };
		69B6E50128C6DA1C00245599 /* StringType.swift in Sources */ = {isa = PBXBuildFile; fileRef = 69B6E50028C6DA1C00245599 /* StringType.swift */; };
		69BD06A627AFB42100E47B4C /* ModelDesign.swift in Sources */ = {isa = PBXBuildFile; fileRef = 69BD06A527AFB42100E47B4C /* ModelDesign.swift */; };
		69D564F528C090DA0035FBE0 /* MonotoneStack.swift in Sources */ = {isa = PBXBuildFile; fileRef = 69D564F428C090DA0035FBE0 /* MonotoneStack.swift */; };
		69D564FA28C19CD20035FBE0 /* DFS.swift in Sources */ = {isa = PBXBuildFile; fileRef = 69D564F928C19CD20035FBE0 /* DFS.swift */; };
		69D5651F28C373910035FBE0 /* DP.swift in Sources */ = {isa = PBXBuildFile; fileRef = 69D5651E28C373910035FBE0 /* DP.swift */; };
		69D5652128C380100035FBE0 /* Greed.swift in Sources */ = {isa = PBXBuildFile; fileRef = 69D5652028C380100035FBE0 /* Greed.swift */; };
		69D5652328C4532A0035FBE0 /* Simulation.swift in Sources */ = {isa = PBXBuildFile; fileRef = 69D5652228C4532A0035FBE0 /* Simulation.swift */; };
		69D5652528C456550035FBE0 /* Tool.swift in Sources */ = {isa = PBXBuildFile; fileRef = 69D5652428C456550035FBE0 /* Tool.swift */; };
		69E6341028DF1C6400FB346E /* PrefixSum.swift in Sources */ = {isa = PBXBuildFile; fileRef = 69E6340F28DF1C6400FB346E /* PrefixSum.swift */; };
		69F25D0D28FD800100BE2464 /* SlidingWindow.swift in Sources */ = {isa = PBXBuildFile; fileRef = 69F25D0C28FD800100BE2464 /* SlidingWindow.swift */; };
		F006CC0B28E49AE600F443BA /* Sort.swift in Sources */ = {isa = PBXBuildFile; fileRef = F006CC0A28E49AE600F443BA /* Sort.swift */; };
/* End PBXBuildFile section */

/* Begin PBXCopyFilesBuildPhase section */
		695DF813277BF9EE00FE2D31 /* CopyFiles */ = {
			isa = PBXCopyFilesBuildPhase;
			buildActionMask = 2147483647;
			dstPath = /usr/share/man/man1/;
			dstSubfolderSpec = 0;
			files = (
			);
			runOnlyForDeploymentPostprocessing = 1;
		};
/* End PBXCopyFilesBuildPhase section */

/* Begin PBXFileReference section */
		690B4FF92917DE78004C5FBE /* Stack.swift */ = {isa = PBXFileReference; lastKnownFileType = sourcecode.swift; path = Stack.swift; sourceTree = "<group>"; };
		6919E22928C990EF00539C19 /* Construction.swift */ = {isa = PBXFileReference; lastKnownFileType = sourcecode.swift; path = Construction.swift; sourceTree = "<group>"; };
		6919E22E28CAD62F00539C19 /* 构造.md */ = {isa = PBXFileReference; fileEncoding = 4; lastKnownFileType = net.daringfireball.markdown; path = "构造.md"; sourceTree = "<group>"; };
		6919E22F28CAD62F00539C19 /* 字符串.md */ = {isa = PBXFileReference; fileEncoding = 4; lastKnownFileType = net.daringfireball.markdown; path = "字符串.md"; sourceTree = "<group>"; };
		6919E23328CF452F00539C19 /* Dichotomy.swift */ = {isa = PBXFileReference; lastKnownFileType = sourcecode.swift; path = Dichotomy.swift; sourceTree = "<group>"; };
		691D9E9F2914A13900E735F6 /* MathAnalysis.swift */ = {isa = PBXFileReference; lastKnownFileType = sourcecode.swift; path = MathAnalysis.swift; sourceTree = "<group>"; };
		691E067628D2BC0600350D11 /* BrainTwister.swift */ = {isa = PBXFileReference; lastKnownFileType = sourcecode.swift; path = BrainTwister.swift; sourceTree = "<group>"; };
		691E207F29077D5F00AF0F94 /* BFS.swift */ = {isa = PBXFileReference; lastKnownFileType = sourcecode.swift; path = BFS.swift; sourceTree = "<group>"; };
		692F876D28D4ABDF0033DC22 /* ScanningLine.swift */ = {isa = PBXFileReference; lastKnownFileType = sourcecode.swift; path = ScanningLine.swift; sourceTree = "<group>"; };
		692F876F28D6B84A0033DC22 /* UnionFindSet.swift */ = {isa = PBXFileReference; lastKnownFileType = sourcecode.swift; path = UnionFindSet.swift; sourceTree = "<group>"; };
		695DF815277BF9EE00FE2D31 /* LeetCode */ = {isa = PBXFileReference; explicitFileType = "compiled.mach-o.executable"; includeInIndex = 0; path = LeetCode; sourceTree = BUILT_PRODUCTS_DIR; };
		695DF818277BF9EE00FE2D31 /* main.swift */ = {isa = PBXFileReference; lastKnownFileType = sourcecode.swift; path = main.swift; sourceTree = "<group>"; };
		699E8959290FE2B20097D541 /* DoublePointer.swift */ = {isa = PBXFileReference; lastKnownFileType = sourcecode.swift; path = DoublePointer.swift; sourceTree = "<group>"; };
		69ACC96728E1371C002A7058 /* BitOperation.swift */ = {isa = PBXFileReference; lastKnownFileType = sourcecode.swift; path = BitOperation.swift; sourceTree = "<group>"; };
		69ACC96928E14506002A7058 /* 位运算.md */ = {isa = PBXFileReference; fileEncoding = 4; lastKnownFileType = net.daringfireball.markdown; path = "位运算.md"; sourceTree = "<group>"; };
		69ACC96A28E53415002A7058 /* 排序.md */ = {isa = PBXFileReference; lastKnownFileType = net.daringfireball.markdown; path = "排序.md"; sourceTree = "<group>"; };
		69ACC96B28E53415002A7058 /* 脑筋急转弯.md */ = {isa = PBXFileReference; lastKnownFileType = net.daringfireball.markdown; path = "脑筋急转弯.md"; sourceTree = "<group>"; };
		69B6E50028C6DA1C00245599 /* StringType.swift */ = {isa = PBXFileReference; lastKnownFileType = sourcecode.swift; path = StringType.swift; sourceTree = "<group>"; };
		69BD06A527AFB42100E47B4C /* ModelDesign.swift */ = {isa = PBXFileReference; lastKnownFileType = sourcecode.swift; path = ModelDesign.swift; sourceTree = "<group>"; };
		69C9EC7427EDFDB3006C06B5 /* Solution_ExtensionOne.swift */ = {isa = PBXFileReference; lastKnownFileType = sourcecode.swift; path = Solution_ExtensionOne.swift; sourceTree = "<group>"; };
		69D564F428C090DA0035FBE0 /* MonotoneStack.swift */ = {isa = PBXFileReference; lastKnownFileType = sourcecode.swift; path = MonotoneStack.swift; sourceTree = "<group>"; };
		69D564F828C098D50035FBE0 /* 单调栈.md */ = {isa = PBXFileReference; fileEncoding = 4; lastKnownFileType = net.daringfireball.markdown; path = "单调栈.md"; sourceTree = "<group>"; };
		69D564F928C19CD20035FBE0 /* DFS.swift */ = {isa = PBXFileReference; lastKnownFileType = sourcecode.swift; path = DFS.swift; sourceTree = "<group>"; };
		69D5651E28C373910035FBE0 /* DP.swift */ = {isa = PBXFileReference; lastKnownFileType = sourcecode.swift; path = DP.swift; sourceTree = "<group>"; };
		69D5652028C380100035FBE0 /* Greed.swift */ = {isa = PBXFileReference; lastKnownFileType = sourcecode.swift; path = Greed.swift; sourceTree = "<group>"; };
		69D5652228C4532A0035FBE0 /* Simulation.swift */ = {isa = PBXFileReference; lastKnownFileType = sourcecode.swift; path = Simulation.swift; sourceTree = "<group>"; };
		69D5652428C456550035FBE0 /* Tool.swift */ = {isa = PBXFileReference; lastKnownFileType = sourcecode.swift; path = Tool.swift; sourceTree = "<group>"; };
		69D5652628C4606A0035FBE0 /* 模拟.md */ = {isa = PBXFileReference; fileEncoding = 4; lastKnownFileType = net.daringfireball.markdown; path = "模拟.md"; sourceTree = "<group>"; };
		69D5652828C4606A0035FBE0 /* 图论.md */ = {isa = PBXFileReference; fileEncoding = 4; lastKnownFileType = net.daringfireball.markdown; path = "图论.md"; sourceTree = "<group>"; };
		69D5652928C4606A0035FBE0 /* 贪心.md */ = {isa = PBXFileReference; fileEncoding = 4; lastKnownFileType = net.daringfireball.markdown; path = "贪心.md"; sourceTree = "<group>"; };
		69D5652A28C4A0B00035FBE0 /* 动态规划.md */ = {isa = PBXFileReference; lastKnownFileType = net.daringfireball.markdown; path = "动态规划.md"; sourceTree = "<group>"; };
		69E03D7A28DF293000C83446 /* 并查集.md */ = {isa = PBXFileReference; lastKnownFileType = net.daringfireball.markdown; path = "并查集.md"; sourceTree = "<group>"; };
		69E03D7B28DF293000C83446 /* 优先队列.md */ = {isa = PBXFileReference; lastKnownFileType = net.daringfireball.markdown; path = "优先队列.md"; sourceTree = "<group>"; };
		69E03D7C28DF293000C83446 /* 数据结构设计.md */ = {isa = PBXFileReference; lastKnownFileType = net.daringfireball.markdown; path = "数据结构设计.md"; sourceTree = "<group>"; };
		69E03D7D28DF293000C83446 /* 前缀和.md */ = {isa = PBXFileReference; lastKnownFileType = net.daringfireball.markdown; path = "前缀和.md"; sourceTree = "<group>"; };
		69E03D7E28DF293000C83446 /* 二分查找.md */ = {isa = PBXFileReference; lastKnownFileType = net.daringfireball.markdown; path = "二分查找.md"; sourceTree = "<group>"; };
		69E03D7F28DF293000C83446 /* 不常见算法数据结构.md */ = {isa = PBXFileReference; lastKnownFileType = net.daringfireball.markdown; path = "不常见算法数据结构.md"; sourceTree = "<group>"; };
		69E6340F28DF1C6400FB346E /* PrefixSum.swift */ = {isa = PBXFileReference; lastKnownFileType = sourcecode.swift; path = PrefixSum.swift; sourceTree = "<group>"; };
		69EB99AC28A254E600DE5B98 /* Solution_ExtensionTwo.swift */ = {isa = PBXFileReference; lastKnownFileType = sourcecode.swift; path = Solution_ExtensionTwo.swift; sourceTree = "<group>"; };
		69F25D0C28FD800100BE2464 /* SlidingWindow.swift */ = {isa = PBXFileReference; lastKnownFileType = sourcecode.swift; path = SlidingWindow.swift; sourceTree = "<group>"; };
		69F25D0E28FD838100BE2464 /* 滑动窗口.md */ = {isa = PBXFileReference; fileEncoding = 4; lastKnownFileType = net.daringfireball.markdown; path = "滑动窗口.md"; sourceTree = "<group>"; };
		F006CC0A28E49AE600F443BA /* Sort.swift */ = {isa = PBXFileReference; lastKnownFileType = sourcecode.swift; path = Sort.swift; sourceTree = "<group>"; };
/* End PBXFileReference section */

/* Begin PBXFrameworksBuildPhase section */
		695DF812277BF9EE00FE2D31 /* Frameworks */ = {
			isa = PBXFrameworksBuildPhase;
			buildActionMask = 2147483647;
			files = (
			);
			runOnlyForDeploymentPostprocessing = 0;
		};
/* End PBXFrameworksBuildPhase section */

/* Begin PBXGroup section */
		695DF80C277BF9EE00FE2D31 = {
			isa = PBXGroup;
			children = (
				69D564F728C098D50035FBE0 /* Notes */,
				695DF817277BF9EE00FE2D31 /* LeetCode */,
				695DF816277BF9EE00FE2D31 /* Products */,
			);
			sourceTree = "<group>";
		};
		695DF816277BF9EE00FE2D31 /* Products */ = {
			isa = PBXGroup;
			children = (
				695DF815277BF9EE00FE2D31 /* LeetCode */,
			);
			name = Products;
			sourceTree = "<group>";
		};
		695DF817277BF9EE00FE2D31 /* LeetCode */ = {
			isa = PBXGroup;
			children = (
				695DF818277BF9EE00FE2D31 /* main.swift */,
				69BD06A527AFB42100E47B4C /* ModelDesign.swift */,
				69C9EC7427EDFDB3006C06B5 /* Solution_ExtensionOne.swift */,
				69EB99AC28A254E600DE5B98 /* Solution_ExtensionTwo.swift */,
				69D564F928C19CD20035FBE0 /* DFS.swift */,
				691E207F29077D5F00AF0F94 /* BFS.swift */,
				69F25D0C28FD800100BE2464 /* SlidingWindow.swift */,
				692F876F28D6B84A0033DC22 /* UnionFindSet.swift */,
				69D564F428C090DA0035FBE0 /* MonotoneStack.swift */,
				69E6340F28DF1C6400FB346E /* PrefixSum.swift */,
				69D5651E28C373910035FBE0 /* DP.swift */,
				691D9E9F2914A13900E735F6 /* MathAnalysis.swift */,
				69D5652028C380100035FBE0 /* Greed.swift */,
				69D5652228C4532A0035FBE0 /* Simulation.swift */,
				690B4FF92917DE78004C5FBE /* Stack.swift */,
				69ACC96728E1371C002A7058 /* BitOperation.swift */,
				6919E23328CF452F00539C19 /* Dichotomy.swift */,
				69B6E50028C6DA1C00245599 /* StringType.swift */,
				6919E22928C990EF00539C19 /* Construction.swift */,
				691E067628D2BC0600350D11 /* BrainTwister.swift */,
				69D5652428C456550035FBE0 /* Tool.swift */,
				692F876D28D4ABDF0033DC22 /* ScanningLine.swift */,
				F006CC0A28E49AE600F443BA /* Sort.swift */,
				699E8959290FE2B20097D541 /* DoublePointer.swift */,
			);
			path = LeetCode;
			sourceTree = "<group>";
		};
		69D564F728C098D50035FBE0 /* Notes */ = {
			isa = PBXGroup;
			children = (
				69F25D0E28FD838100BE2464 /* 滑动窗口.md */,
				69ACC96A28E53415002A7058 /* 排序.md */,
				69ACC96B28E53415002A7058 /* 脑筋急转弯.md */,
				69ACC96928E14506002A7058 /* 位运算.md */,
				69E03D7F28DF293000C83446 /* 不常见算法数据结构.md */,
				69E03D7E28DF293000C83446 /* 二分查找.md */,
				69E03D7B28DF293000C83446 /* 优先队列.md */,
				69E03D7D28DF293000C83446 /* 前缀和.md */,
				69E03D7A28DF293000C83446 /* 并查集.md */,
				69E03D7C28DF293000C83446 /* 数据结构设计.md */,
				6919E22F28CAD62F00539C19 /* 字符串.md */,
				6919E22E28CAD62F00539C19 /* 构造.md */,
				69D5652A28C4A0B00035FBE0 /* 动态规划.md */,
				69D5652828C4606A0035FBE0 /* 图论.md */,
				69D5652628C4606A0035FBE0 /* 模拟.md */,
				69D5652928C4606A0035FBE0 /* 贪心.md */,
				69D564F828C098D50035FBE0 /* 单调栈.md */,
			);
			path = Notes;
			sourceTree = "<group>";
		};
/* End PBXGroup section */

/* Begin PBXNativeTarget section */
		695DF814277BF9EE00FE2D31 /* LeetCode */ = {
			isa = PBXNativeTarget;
			buildConfigurationList = 695DF81C277BF9EE00FE2D31 /* Build configuration list for PBXNativeTarget "LeetCode" */;
			buildPhases = (
				695DF811277BF9EE00FE2D31 /* Sources */,
				695DF812277BF9EE00FE2D31 /* Frameworks */,
				695DF813277BF9EE00FE2D31 /* CopyFiles */,
			);
			buildRules = (
			);
			dependencies = (
			);
			name = LeetCode;
			productName = LeetCode;
			productReference = 695DF815277BF9EE00FE2D31 /* LeetCode */;
			productType = "com.apple.product-type.tool";
		};
/* End PBXNativeTarget section */

/* Begin PBXProject section */
		695DF80D277BF9EE00FE2D31 /* Project object */ = {
			isa = PBXProject;
			attributes = {
				BuildIndependentTargetsInParallel = 1;
				LastSwiftUpdateCheck = 1320;
				LastUpgradeCheck = 1320;
				TargetAttributes = {
					695DF814277BF9EE00FE2D31 = {
						CreatedOnToolsVersion = 13.2.1;
					};
				};
			};
			buildConfigurationList = 695DF810277BF9EE00FE2D31 /* Build configuration list for PBXProject "LeetCode" */;
			compatibilityVersion = "Xcode 13.0";
			developmentRegion = en;
			hasScannedForEncodings = 0;
			knownRegions = (
				en,
				Base,
			);
			mainGroup = 695DF80C277BF9EE00FE2D31;
			productRefGroup = 695DF816277BF9EE00FE2D31 /* Products */;
			projectDirPath = "";
			projectRoot = "";
			targets = (
				695DF814277BF9EE00FE2D31 /* LeetCode */,
			);
		};
/* End PBXProject section */

/* Begin PBXSourcesBuildPhase section */
		695DF811277BF9EE00FE2D31 /* Sources */ = {
			isa = PBXSourcesBuildPhase;
			buildActionMask = 2147483647;
			files = (
				695DF819277BF9EE00FE2D31 /* main.swift in Sources */,
				6919E23428CF452F00539C19 /* Dichotomy.swift in Sources */,
				699E895A290FE2B20097D541 /* DoublePointer.swift in Sources */,
				69D564FA28C19CD20035FBE0 /* DFS.swift in Sources */,
				69D564F528C090DA0035FBE0 /* MonotoneStack.swift in Sources */,
				69D5652528C456550035FBE0 /* Tool.swift in Sources */,
				69D5652128C380100035FBE0 /* Greed.swift in Sources */,
				F006CC0B28E49AE600F443BA /* Sort.swift in Sources */,
				692F876E28D4ABDF0033DC22 /* ScanningLine.swift in Sources */,
				691D9EA02914A13900E735F6 /* MathAnalysis.swift in Sources */,
				69D5652328C4532A0035FBE0 /* Simulation.swift in Sources */,
				691E067728D2BC0600350D11 /* BrainTwister.swift in Sources */,
				692F877028D6B84A0033DC22 /* UnionFindSet.swift in Sources */,
				69E6341028DF1C6400FB346E /* PrefixSum.swift in Sources */,
				69B6E50128C6DA1C00245599 /* StringType.swift in Sources */,
				69D5651F28C373910035FBE0 /* DP.swift in Sources */,
				690B4FFA2917DE78004C5FBE /* Stack.swift in Sources */,
				69F25D0D28FD800100BE2464 /* SlidingWindow.swift in Sources */,
				69ACC96828E1371C002A7058 /* BitOperation.swift in Sources */,
				6919E22A28C990EF00539C19 /* Construction.swift in Sources */,
				691E208029077D5F00AF0F94 /* BFS.swift in Sources */,
				69BD06A627AFB42100E47B4C /* ModelDesign.swift in Sources */,
			);
			runOnlyForDeploymentPostprocessing = 0;
		};
/* End PBXSourcesBuildPhase section */

/* Begin XCBuildConfiguration section */
		695DF81A277BF9EE00FE2D31 /* Debug */ = {
			isa = XCBuildConfiguration;
			buildSettings = {
				ALWAYS_SEARCH_USER_PATHS = NO;
				CLANG_ANALYZER_NONNULL = YES;
				CLANG_ANALYZER_NUMBER_OBJECT_CONVERSION = YES_AGGRESSIVE;
				CLANG_CXX_LANGUAGE_STANDARD = "gnu++17";
				CLANG_CXX_LIBRARY = "libc++";
				CLANG_ENABLE_MODULES = YES;
				CLANG_ENABLE_OBJC_ARC = YES;
				CLANG_ENABLE_OBJC_WEAK = YES;
				CLANG_WARN_BLOCK_CAPTURE_AUTORELEASING = YES;
				CLANG_WARN_BOOL_CONVERSION = YES;
				CLANG_WARN_COMMA = YES;
				CLANG_WARN_CONSTANT_CONVERSION = YES;
				CLANG_WARN_DEPRECATED_OBJC_IMPLEMENTATIONS = YES;
				CLANG_WARN_DIRECT_OBJC_ISA_USAGE = YES_ERROR;
				CLANG_WARN_DOCUMENTATION_COMMENTS = YES;
				CLANG_WARN_EMPTY_BODY = YES;
				CLANG_WARN_ENUM_CONVERSION = YES;
				CLANG_WARN_INFINITE_RECURSION = YES;
				CLANG_WARN_INT_CONVERSION = YES;
				CLANG_WARN_NON_LITERAL_NULL_CONVERSION = YES;
				CLANG_WARN_OBJC_IMPLICIT_RETAIN_SELF = YES;
				CLANG_WARN_OBJC_LITERAL_CONVERSION = YES;
				CLANG_WARN_OBJC_ROOT_CLASS = YES_ERROR;
				CLANG_WARN_QUOTED_INCLUDE_IN_FRAMEWORK_HEADER = YES;
				CLANG_WARN_RANGE_LOOP_ANALYSIS = YES;
				CLANG_WARN_STRICT_PROTOTYPES = YES;
				CLANG_WARN_SUSPICIOUS_MOVE = YES;
				CLANG_WARN_UNGUARDED_AVAILABILITY = YES_AGGRESSIVE;
				CLANG_WARN_UNREACHABLE_CODE = YES;
				CLANG_WARN__DUPLICATE_METHOD_MATCH = YES;
				COPY_PHASE_STRIP = NO;
				DEBUG_INFORMATION_FORMAT = dwarf;
				ENABLE_STRICT_OBJC_MSGSEND = YES;
				ENABLE_TESTABILITY = YES;
				GCC_C_LANGUAGE_STANDARD = gnu11;
				GCC_DYNAMIC_NO_PIC = NO;
				GCC_NO_COMMON_BLOCKS = YES;
				GCC_OPTIMIZATION_LEVEL = 0;
				GCC_PREPROCESSOR_DEFINITIONS = (
					"DEBUG=1",
					"$(inherited)",
				);
				GCC_WARN_64_TO_32_BIT_CONVERSION = YES;
				GCC_WARN_ABOUT_RETURN_TYPE = YES_ERROR;
				GCC_WARN_UNDECLARED_SELECTOR = YES;
				GCC_WARN_UNINITIALIZED_AUTOS = YES_AGGRESSIVE;
				GCC_WARN_UNUSED_FUNCTION = YES;
				GCC_WARN_UNUSED_VARIABLE = YES;
				MACOSX_DEPLOYMENT_TARGET = 12.0;
				MTL_ENABLE_DEBUG_INFO = INCLUDE_SOURCE;
				MTL_FAST_MATH = YES;
				ONLY_ACTIVE_ARCH = YES;
				SDKROOT = macosx;
				SWIFT_ACTIVE_COMPILATION_CONDITIONS = DEBUG;
				SWIFT_OPTIMIZATION_LEVEL = "-Onone";
			};
			name = Debug;
		};
		695DF81B277BF9EE00FE2D31 /* Release */ = {
			isa = XCBuildConfiguration;
			buildSettings = {
				ALWAYS_SEARCH_USER_PATHS = NO;
				CLANG_ANALYZER_NONNULL = YES;
				CLANG_ANALYZER_NUMBER_OBJECT_CONVERSION = YES_AGGRESSIVE;
				CLANG_CXX_LANGUAGE_STANDARD = "gnu++17";
				CLANG_CXX_LIBRARY = "libc++";
				CLANG_ENABLE_MODULES = YES;
				CLANG_ENABLE_OBJC_ARC = YES;
				CLANG_ENABLE_OBJC_WEAK = YES;
				CLANG_WARN_BLOCK_CAPTURE_AUTORELEASING = YES;
				CLANG_WARN_BOOL_CONVERSION = YES;
				CLANG_WARN_COMMA = YES;
				CLANG_WARN_CONSTANT_CONVERSION = YES;
				CLANG_WARN_DEPRECATED_OBJC_IMPLEMENTATIONS = YES;
				CLANG_WARN_DIRECT_OBJC_ISA_USAGE = YES_ERROR;
				CLANG_WARN_DOCUMENTATION_COMMENTS = YES;
				CLANG_WARN_EMPTY_BODY = YES;
				CLANG_WARN_ENUM_CONVERSION = YES;
				CLANG_WARN_INFINITE_RECURSION = YES;
				CLANG_WARN_INT_CONVERSION = YES;
				CLANG_WARN_NON_LITERAL_NULL_CONVERSION = YES;
				CLANG_WARN_OBJC_IMPLICIT_RETAIN_SELF = YES;
				CLANG_WARN_OBJC_LITERAL_CONVERSION = YES;
				CLANG_WARN_OBJC_ROOT_CLASS = YES_ERROR;
				CLANG_WARN_QUOTED_INCLUDE_IN_FRAMEWORK_HEADER = YES;
				CLANG_WARN_RANGE_LOOP_ANALYSIS = YES;
				CLANG_WARN_STRICT_PROTOTYPES = YES;
				CLANG_WARN_SUSPICIOUS_MOVE = YES;
				CLANG_WARN_UNGUARDED_AVAILABILITY = YES_AGGRESSIVE;
				CLANG_WARN_UNREACHABLE_CODE = YES;
				CLANG_WARN__DUPLICATE_METHOD_MATCH = YES;
				COPY_PHASE_STRIP = NO;
				DEBUG_INFORMATION_FORMAT = "dwarf-with-dsym";
				ENABLE_NS_ASSERTIONS = NO;
				ENABLE_STRICT_OBJC_MSGSEND = YES;
				GCC_C_LANGUAGE_STANDARD = gnu11;
				GCC_NO_COMMON_BLOCKS = YES;
				GCC_WARN_64_TO_32_BIT_CONVERSION = YES;
				GCC_WARN_ABOUT_RETURN_TYPE = YES_ERROR;
				GCC_WARN_UNDECLARED_SELECTOR = YES;
				GCC_WARN_UNINITIALIZED_AUTOS = YES_AGGRESSIVE;
				GCC_WARN_UNUSED_FUNCTION = YES;
				GCC_WARN_UNUSED_VARIABLE = YES;
				MACOSX_DEPLOYMENT_TARGET = 12.0;
				MTL_ENABLE_DEBUG_INFO = NO;
				MTL_FAST_MATH = YES;
				SDKROOT = macosx;
				SWIFT_COMPILATION_MODE = wholemodule;
				SWIFT_OPTIMIZATION_LEVEL = "-O";
			};
			name = Release;
		};
		695DF81D277BF9EE00FE2D31 /* Debug */ = {
			isa = XCBuildConfiguration;
			buildSettings = {
				CODE_SIGN_STYLE = Automatic;
				DEVELOPMENT_TEAM = LDY5VT7ZPV;
				ENABLE_HARDENED_RUNTIME = YES;
				GCC_STRICT_ALIASING = YES;
				HEADER_SEARCH_PATHS = /usr;
				PRODUCT_NAME = "$(TARGET_NAME)";
				SWIFT_OPTIMIZE_OBJECT_LIFETIME = YES;
				SWIFT_VERSION = 5.0;
			};
			name = Debug;
		};
		695DF81E277BF9EE00FE2D31 /* Release */ = {
			isa = XCBuildConfiguration;
			buildSettings = {
				CODE_SIGN_STYLE = Automatic;
				DEVELOPMENT_TEAM = LDY5VT7ZPV;
				ENABLE_HARDENED_RUNTIME = YES;
				GCC_STRICT_ALIASING = YES;
				HEADER_SEARCH_PATHS = /usr;
				PRODUCT_NAME = "$(TARGET_NAME)";
				SWIFT_OPTIMIZE_OBJECT_LIFETIME = YES;
				SWIFT_VERSION = 5.0;
			};
			name = Release;
		};
/* End XCBuildConfiguration section */

/* Begin XCConfigurationList section */
		695DF810277BF9EE00FE2D31 /* Build configuration list for PBXProject "LeetCode" */ = {
			isa = XCConfigurationList;
			buildConfigurations = (
				695DF81A277BF9EE00FE2D31 /* Debug */,
				695DF81B277BF9EE00FE2D31 /* Release */,
			);
			defaultConfigurationIsVisible = 0;
			defaultConfigurationName = Release;
		};
		695DF81C277BF9EE00FE2D31 /* Build configuration list for PBXNativeTarget "LeetCode" */ = {
			isa = XCConfigurationList;
			buildConfigurations = (
				695DF81D277BF9EE00FE2D31 /* Debug */,
				695DF81E277BF9EE00FE2D31 /* Release */,
			);
			defaultConfigurationIsVisible = 0;
			defaultConfigurationName = Release;
		};
/* End XCConfigurationList section */
	};
	rootObject = 695DF80D277BF9EE00FE2D31 /* Project object */;
}
